// !$*UTF8*$!
{
	archiveVersion = 1;
	classes = {
	};
	objectVersion = 56;
	objects = {

/* Begin PBXBuildFile section */
		44172BD82900129300688E9E /* AppDelegate.swift in Sources */ = {isa = PBXBuildFile; fileRef = 44172BD72900129300688E9E /* AppDelegate.swift */; };
		44172BDA2900129300688E9E /* SceneDelegate.swift in Sources */ = {isa = PBXBuildFile; fileRef = 44172BD92900129300688E9E /* SceneDelegate.swift */; };
		44172BDC2900129300688E9E /* HomeViewController.swift in Sources */ = {isa = PBXBuildFile; fileRef = 44172BDB2900129300688E9E /* HomeViewController.swift */; };
		44172BE12900129400688E9E /* Assets.xcassets in Resources */ = {isa = PBXBuildFile; fileRef = 44172BE02900129400688E9E /* Assets.xcassets */; };
		44172BE42900129400688E9E /* LaunchScreen.storyboard in Resources */ = {isa = PBXBuildFile; fileRef = 44172BE22900129400688E9E /* LaunchScreen.storyboard */; };
		44172BEF2900129400688E9E /* SpotifyTests.swift in Sources */ = {isa = PBXBuildFile; fileRef = 44172BEE2900129400688E9E /* SpotifyTests.swift */; };
		44172BF92900129400688E9E /* SpotifyUITests.swift in Sources */ = {isa = PBXBuildFile; fileRef = 44172BF82900129400688E9E /* SpotifyUITests.swift */; };
		44172BFB2900129400688E9E /* SpotifyUITestsLaunchTests.swift in Sources */ = {isa = PBXBuildFile; fileRef = 44172BFA2900129400688E9E /* SpotifyUITestsLaunchTests.swift */; };
		4499D8692900480C002B1DA2 /* TabBarViewController.swift in Sources */ = {isa = PBXBuildFile; fileRef = 4499D8682900480C002B1DA2 /* TabBarViewController.swift */; };
		4499D86B29004842002B1DA2 /* SearchViewController.swift in Sources */ = {isa = PBXBuildFile; fileRef = 4499D86A29004842002B1DA2 /* SearchViewController.swift */; };
		4499D86D2900485D002B1DA2 /* LibraryViewController.swift in Sources */ = {isa = PBXBuildFile; fileRef = 4499D86C2900485D002B1DA2 /* LibraryViewController.swift */; };
		4499D871290048A7002B1DA2 /* AuthViewController.swift in Sources */ = {isa = PBXBuildFile; fileRef = 4499D870290048A7002B1DA2 /* AuthViewController.swift */; };
		4499D873290048B6002B1DA2 /* WelcomeViewController.swift in Sources */ = {isa = PBXBuildFile; fileRef = 4499D872290048B6002B1DA2 /* WelcomeViewController.swift */; };
		4499D875290048C8002B1DA2 /* SettingsViewController.swift in Sources */ = {isa = PBXBuildFile; fileRef = 4499D874290048C8002B1DA2 /* SettingsViewController.swift */; };
		4499D877290048D4002B1DA2 /* ProfileViewController.swift in Sources */ = {isa = PBXBuildFile; fileRef = 4499D876290048D4002B1DA2 /* ProfileViewController.swift */; };
		4499D879290048E2002B1DA2 /* PlayerViewController.swift in Sources */ = {isa = PBXBuildFile; fileRef = 4499D878290048E2002B1DA2 /* PlayerViewController.swift */; };
		4499D87B290048F4002B1DA2 /* PlaylistViewController.swift in Sources */ = {isa = PBXBuildFile; fileRef = 4499D87A290048F4002B1DA2 /* PlaylistViewController.swift */; };
		4499D87D2900491B002B1DA2 /* SearchResultsViewController.swift in Sources */ = {isa = PBXBuildFile; fileRef = 4499D87C2900491B002B1DA2 /* SearchResultsViewController.swift */; };
		4499D87F29004949002B1DA2 /* AuthManager.swift in Sources */ = {isa = PBXBuildFile; fileRef = 4499D87E29004949002B1DA2 /* AuthManager.swift */; };
		4499D8812900495D002B1DA2 /* APICaller.swift in Sources */ = {isa = PBXBuildFile; fileRef = 4499D8802900495D002B1DA2 /* APICaller.swift */; };
		4499D8832900496F002B1DA2 /* HapticsManager.swift in Sources */ = {isa = PBXBuildFile; fileRef = 4499D8822900496F002B1DA2 /* HapticsManager.swift */; };
		4499D88529004998002B1DA2 /* Playlist.swift in Sources */ = {isa = PBXBuildFile; fileRef = 4499D88429004998002B1DA2 /* Playlist.swift */; };
		4499D887290049B0002B1DA2 /* AudioTrack.swift in Sources */ = {isa = PBXBuildFile; fileRef = 4499D886290049B0002B1DA2 /* AudioTrack.swift */; };
		4499D889290049C4002B1DA2 /* Artist.swift in Sources */ = {isa = PBXBuildFile; fileRef = 4499D888290049C4002B1DA2 /* Artist.swift */; };
		4499D88B290049D0002B1DA2 /* UserProfile.swift in Sources */ = {isa = PBXBuildFile; fileRef = 4499D88A290049D0002B1DA2 /* UserProfile.swift */; };
/* End PBXBuildFile section */

/* Begin PBXContainerItemProxy section */
		44172BEB2900129400688E9E /* PBXContainerItemProxy */ = {
			isa = PBXContainerItemProxy;
			containerPortal = 44172BCC2900129200688E9E /* Project object */;
			proxyType = 1;
			remoteGlobalIDString = 44172BD32900129300688E9E;
			remoteInfo = Spotify;
		};
		44172BF52900129400688E9E /* PBXContainerItemProxy */ = {
			isa = PBXContainerItemProxy;
			containerPortal = 44172BCC2900129200688E9E /* Project object */;
			proxyType = 1;
			remoteGlobalIDString = 44172BD32900129300688E9E;
			remoteInfo = Spotify;
		};
/* End PBXContainerItemProxy section */

/* Begin PBXFileReference section */
		44172BD42900129300688E9E /* Spotify.app */ = {isa = PBXFileReference; explicitFileType = wrapper.application; includeInIndex = 0; path = Spotify.app; sourceTree = BUILT_PRODUCTS_DIR; };
		44172BD72900129300688E9E /* AppDelegate.swift */ = {isa = PBXFileReference; lastKnownFileType = sourcecode.swift; path = AppDelegate.swift; sourceTree = "<group>"; };
		44172BD92900129300688E9E /* SceneDelegate.swift */ = {isa = PBXFileReference; lastKnownFileType = sourcecode.swift; path = SceneDelegate.swift; sourceTree = "<group>"; };
		44172BDB2900129300688E9E /* HomeViewController.swift */ = {isa = PBXFileReference; lastKnownFileType = sourcecode.swift; path = HomeViewController.swift; sourceTree = "<group>"; };
		44172BE02900129400688E9E /* Assets.xcassets */ = {isa = PBXFileReference; lastKnownFileType = folder.assetcatalog; path = Assets.xcassets; sourceTree = "<group>"; };
		44172BE32900129400688E9E /* Base */ = {isa = PBXFileReference; lastKnownFileType = file.storyboard; name = Base; path = Base.lproj/LaunchScreen.storyboard; sourceTree = "<group>"; };
		44172BE52900129400688E9E /* Info.plist */ = {isa = PBXFileReference; lastKnownFileType = text.plist.xml; path = Info.plist; sourceTree = "<group>"; };
		44172BEA2900129400688E9E /* SpotifyTests.xctest */ = {isa = PBXFileReference; explicitFileType = wrapper.cfbundle; includeInIndex = 0; path = SpotifyTests.xctest; sourceTree = BUILT_PRODUCTS_DIR; };
		44172BEE2900129400688E9E /* SpotifyTests.swift */ = {isa = PBXFileReference; lastKnownFileType = sourcecode.swift; path = SpotifyTests.swift; sourceTree = "<group>"; };
		44172BF42900129400688E9E /* SpotifyUITests.xctest */ = {isa = PBXFileReference; explicitFileType = wrapper.cfbundle; includeInIndex = 0; path = SpotifyUITests.xctest; sourceTree = BUILT_PRODUCTS_DIR; };
		44172BF82900129400688E9E /* SpotifyUITests.swift */ = {isa = PBXFileReference; lastKnownFileType = sourcecode.swift; path = SpotifyUITests.swift; sourceTree = "<group>"; };
		44172BFA2900129400688E9E /* SpotifyUITestsLaunchTests.swift */ = {isa = PBXFileReference; lastKnownFileType = sourcecode.swift; path = SpotifyUITestsLaunchTests.swift; sourceTree = "<group>"; };
		4499D8682900480C002B1DA2 /* TabBarViewController.swift */ = {isa = PBXFileReference; lastKnownFileType = sourcecode.swift; path = TabBarViewController.swift; sourceTree = "<group>"; };
		4499D86A29004842002B1DA2 /* SearchViewController.swift */ = {isa = PBXFileReference; lastKnownFileType = sourcecode.swift; path = SearchViewController.swift; sourceTree = "<group>"; };
		4499D86C2900485D002B1DA2 /* LibraryViewController.swift */ = {isa = PBXFileReference; lastKnownFileType = sourcecode.swift; path = LibraryViewController.swift; sourceTree = "<group>"; };
		4499D870290048A7002B1DA2 /* AuthViewController.swift */ = {isa = PBXFileReference; lastKnownFileType = sourcecode.swift; path = AuthViewController.swift; sourceTree = "<group>"; };
		4499D872290048B6002B1DA2 /* WelcomeViewController.swift */ = {isa = PBXFileReference; lastKnownFileType = sourcecode.swift; path = WelcomeViewController.swift; sourceTree = "<group>"; };
		4499D874290048C8002B1DA2 /* SettingsViewController.swift */ = {isa = PBXFileReference; lastKnownFileType = sourcecode.swift; path = SettingsViewController.swift; sourceTree = "<group>"; };
		4499D876290048D4002B1DA2 /* ProfileViewController.swift */ = {isa = PBXFileReference; lastKnownFileType = sourcecode.swift; path = ProfileViewController.swift; sourceTree = "<group>"; };
		4499D878290048E2002B1DA2 /* PlayerViewController.swift */ = {isa = PBXFileReference; lastKnownFileType = sourcecode.swift; path = PlayerViewController.swift; sourceTree = "<group>"; };
		4499D87A290048F4002B1DA2 /* PlaylistViewController.swift */ = {isa = PBXFileReference; lastKnownFileType = sourcecode.swift; path = PlaylistViewController.swift; sourceTree = "<group>"; };
		4499D87C2900491B002B1DA2 /* SearchResultsViewController.swift */ = {isa = PBXFileReference; lastKnownFileType = sourcecode.swift; path = SearchResultsViewController.swift; sourceTree = "<group>"; };
		4499D87E29004949002B1DA2 /* AuthManager.swift */ = {isa = PBXFileReference; lastKnownFileType = sourcecode.swift; path = AuthManager.swift; sourceTree = "<group>"; };
		4499D8802900495D002B1DA2 /* APICaller.swift */ = {isa = PBXFileReference; lastKnownFileType = sourcecode.swift; path = APICaller.swift; sourceTree = "<group>"; };
		4499D8822900496F002B1DA2 /* HapticsManager.swift */ = {isa = PBXFileReference; lastKnownFileType = sourcecode.swift; path = HapticsManager.swift; sourceTree = "<group>"; };
		4499D88429004998002B1DA2 /* Playlist.swift */ = {isa = PBXFileReference; lastKnownFileType = sourcecode.swift; path = Playlist.swift; sourceTree = "<group>"; };
		4499D886290049B0002B1DA2 /* AudioTrack.swift */ = {isa = PBXFileReference; lastKnownFileType = sourcecode.swift; path = AudioTrack.swift; sourceTree = "<group>"; };
		4499D888290049C4002B1DA2 /* Artist.swift */ = {isa = PBXFileReference; lastKnownFileType = sourcecode.swift; path = Artist.swift; sourceTree = "<group>"; };
		4499D88A290049D0002B1DA2 /* UserProfile.swift */ = {isa = PBXFileReference; lastKnownFileType = sourcecode.swift; path = UserProfile.swift; sourceTree = "<group>"; };
		4499D88C2900540C002B1DA2 /* placeholder.md */ = {isa = PBXFileReference; lastKnownFileType = net.daringfireball.markdown; path = placeholder.md; sourceTree = "<group>"; };
/* End PBXFileReference section */

/* Begin PBXFrameworksBuildPhase section */
		44172BD12900129300688E9E /* Frameworks */ = {
			isa = PBXFrameworksBuildPhase;
			buildActionMask = 2147483647;
			files = (
			);
			runOnlyForDeploymentPostprocessing = 0;
		};
		44172BE72900129400688E9E /* Frameworks */ = {
			isa = PBXFrameworksBuildPhase;
			buildActionMask = 2147483647;
			files = (
			);
			runOnlyForDeploymentPostprocessing = 0;
		};
		44172BF12900129400688E9E /* Frameworks */ = {
			isa = PBXFrameworksBuildPhase;
			buildActionMask = 2147483647;
			files = (
			);
			runOnlyForDeploymentPostprocessing = 0;
		};
/* End PBXFrameworksBuildPhase section */

/* Begin PBXGroup section */
		44172BCB2900129200688E9E = {
			isa = PBXGroup;
			children = (
				44172BD62900129300688E9E /* Spotify */,
				44172BED2900129400688E9E /* SpotifyTests */,
				44172BF72900129400688E9E /* SpotifyUITests */,
				44172BD52900129300688E9E /* Products */,
			);
			sourceTree = "<group>";
		};
		44172BD52900129300688E9E /* Products */ = {
			isa = PBXGroup;
			children = (
				44172BD42900129300688E9E /* Spotify.app */,
				44172BEA2900129400688E9E /* SpotifyTests.xctest */,
				44172BF42900129400688E9E /* SpotifyUITests.xctest */,
			);
			name = Products;
			sourceTree = "<group>";
		};
		44172BD62900129300688E9E /* Spotify */ = {
			isa = PBXGroup;
			children = (
				44172C0E2900138700688E9E /* Resources */,
				44172C0D2900137E00688E9E /* Managers */,
				44172C0C2900137300688E9E /* ViewModels */,
				44172C0B2900136800688E9E /* Models */,
				44172C0A2900135F00688E9E /* Views */,
				44172C092900135100688E9E /* Controllers */,
				44172BE52900129400688E9E /* Info.plist */,
			);
			path = Spotify;
			sourceTree = "<group>";
		};
		44172BED2900129400688E9E /* SpotifyTests */ = {
			isa = PBXGroup;
			children = (
				44172BEE2900129400688E9E /* SpotifyTests.swift */,
			);
			path = SpotifyTests;
			sourceTree = "<group>";
		};
		44172BF72900129400688E9E /* SpotifyUITests */ = {
			isa = PBXGroup;
			children = (
				44172BF82900129400688E9E /* SpotifyUITests.swift */,
				44172BFA2900129400688E9E /* SpotifyUITestsLaunchTests.swift */,
			);
			path = SpotifyUITests;
			sourceTree = "<group>";
		};
		44172C092900135100688E9E /* Controllers */ = {
			isa = PBXGroup;
			children = (
				4499D86F29004888002B1DA2 /* Other */,
				4499D86E2900486D002B1DA2 /* Core */,
			);
			path = Controllers;
			sourceTree = "<group>";
		};
		44172C0A2900135F00688E9E /* Views */ = {
			isa = PBXGroup;
			children = (
				44172BE22900129400688E9E /* LaunchScreen.storyboard */,
			);
			path = Views;
			sourceTree = "<group>";
		};
		44172C0B2900136800688E9E /* Models */ = {
			isa = PBXGroup;
			children = (
				4499D88429004998002B1DA2 /* Playlist.swift */,
				4499D886290049B0002B1DA2 /* AudioTrack.swift */,
				4499D888290049C4002B1DA2 /* Artist.swift */,
				4499D88A290049D0002B1DA2 /* UserProfile.swift */,
			);
			path = Models;
			sourceTree = "<group>";
		};
		44172C0C2900137300688E9E /* ViewModels */ = {
			isa = PBXGroup;
			children = (
				4499D88C2900540C002B1DA2 /* placeholder.md */,
			);
			path = ViewModels;
			sourceTree = "<group>";
		};
		44172C0D2900137E00688E9E /* Managers */ = {
			isa = PBXGroup;
			children = (
				4499D87E29004949002B1DA2 /* AuthManager.swift */,
				4499D8802900495D002B1DA2 /* APICaller.swift */,
				4499D8822900496F002B1DA2 /* HapticsManager.swift */,
			);
			path = Managers;
			sourceTree = "<group>";
		};
		44172C0E2900138700688E9E /* Resources */ = {
			isa = PBXGroup;
			children = (
				44172BD72900129300688E9E /* AppDelegate.swift */,
				44172BD92900129300688E9E /* SceneDelegate.swift */,
				44172BE02900129400688E9E /* Assets.xcassets */,
			);
			path = Resources;
			sourceTree = "<group>";
		};
		4499D86E2900486D002B1DA2 /* Core */ = {
			isa = PBXGroup;
			children = (
				4499D8682900480C002B1DA2 /* TabBarViewController.swift */,
				44172BDB2900129300688E9E /* HomeViewController.swift */,
				4499D86A29004842002B1DA2 /* SearchViewController.swift */,
				4499D86C2900485D002B1DA2 /* LibraryViewController.swift */,
			);
			path = Core;
			sourceTree = "<group>";
		};
		4499D86F29004888002B1DA2 /* Other */ = {
			isa = PBXGroup;
			children = (
				4499D870290048A7002B1DA2 /* AuthViewController.swift */,
				4499D872290048B6002B1DA2 /* WelcomeViewController.swift */,
				4499D874290048C8002B1DA2 /* SettingsViewController.swift */,
				4499D876290048D4002B1DA2 /* ProfileViewController.swift */,
				4499D878290048E2002B1DA2 /* PlayerViewController.swift */,
				4499D87A290048F4002B1DA2 /* PlaylistViewController.swift */,
				4499D87C2900491B002B1DA2 /* SearchResultsViewController.swift */,
			);
			path = Other;
			sourceTree = "<group>";
		};
/* End PBXGroup section */

/* Begin PBXNativeTarget section */
		44172BD32900129300688E9E /* Spotify */ = {
			isa = PBXNativeTarget;
			buildConfigurationList = 44172BFE2900129400688E9E /* Build configuration list for PBXNativeTarget "Spotify" */;
			buildPhases = (
				44172BD02900129300688E9E /* Sources */,
				44172BD12900129300688E9E /* Frameworks */,
				44172BD22900129300688E9E /* Resources */,
			);
			buildRules = (
			);
			dependencies = (
			);
			name = Spotify;
			productName = Spotify;
			productReference = 44172BD42900129300688E9E /* Spotify.app */;
			productType = "com.apple.product-type.application";
		};
		44172BE92900129400688E9E /* SpotifyTests */ = {
			isa = PBXNativeTarget;
			buildConfigurationList = 44172C012900129400688E9E /* Build configuration list for PBXNativeTarget "SpotifyTests" */;
			buildPhases = (
				44172BE62900129400688E9E /* Sources */,
				44172BE72900129400688E9E /* Frameworks */,
				44172BE82900129400688E9E /* Resources */,
			);
			buildRules = (
			);
			dependencies = (
				44172BEC2900129400688E9E /* PBXTargetDependency */,
			);
			name = SpotifyTests;
			productName = SpotifyTests;
			productReference = 44172BEA2900129400688E9E /* SpotifyTests.xctest */;
			productType = "com.apple.product-type.bundle.unit-test";
		};
		44172BF32900129400688E9E /* SpotifyUITests */ = {
			isa = PBXNativeTarget;
			buildConfigurationList = 44172C042900129400688E9E /* Build configuration list for PBXNativeTarget "SpotifyUITests" */;
			buildPhases = (
				44172BF02900129400688E9E /* Sources */,
				44172BF12900129400688E9E /* Frameworks */,
				44172BF22900129400688E9E /* Resources */,
			);
			buildRules = (
			);
			dependencies = (
				44172BF62900129400688E9E /* PBXTargetDependency */,
			);
			name = SpotifyUITests;
			productName = SpotifyUITests;
			productReference = 44172BF42900129400688E9E /* SpotifyUITests.xctest */;
			productType = "com.apple.product-type.bundle.ui-testing";
		};
/* End PBXNativeTarget section */

/* Begin PBXProject section */
		44172BCC2900129200688E9E /* Project object */ = {
			isa = PBXProject;
			attributes = {
				BuildIndependentTargetsInParallel = 1;
				LastSwiftUpdateCheck = 1400;
				LastUpgradeCheck = 1400;
				TargetAttributes = {
					44172BD32900129300688E9E = {
						CreatedOnToolsVersion = 14.0.1;
					};
					44172BE92900129400688E9E = {
						CreatedOnToolsVersion = 14.0.1;
						TestTargetID = 44172BD32900129300688E9E;
					};
					44172BF32900129400688E9E = {
						CreatedOnToolsVersion = 14.0.1;
						TestTargetID = 44172BD32900129300688E9E;
					};
				};
			};
			buildConfigurationList = 44172BCF2900129200688E9E /* Build configuration list for PBXProject "Spotify" */;
			compatibilityVersion = "Xcode 14.0";
			developmentRegion = en;
			hasScannedForEncodings = 0;
			knownRegions = (
				en,
				Base,
			);
			mainGroup = 44172BCB2900129200688E9E;
			productRefGroup = 44172BD52900129300688E9E /* Products */;
			projectDirPath = "";
			projectRoot = "";
			targets = (
				44172BD32900129300688E9E /* Spotify */,
				44172BE92900129400688E9E /* SpotifyTests */,
				44172BF32900129400688E9E /* SpotifyUITests */,
			);
		};
/* End PBXProject section */

/* Begin PBXResourcesBuildPhase section */
		44172BD22900129300688E9E /* Resources */ = {
			isa = PBXResourcesBuildPhase;
			buildActionMask = 2147483647;
			files = (
				44172BE42900129400688E9E /* LaunchScreen.storyboard in Resources */,
				44172BE12900129400688E9E /* Assets.xcassets in Resources */,
			);
			runOnlyForDeploymentPostprocessing = 0;
		};
		44172BE82900129400688E9E /* Resources */ = {
			isa = PBXResourcesBuildPhase;
			buildActionMask = 2147483647;
			files = (
			);
			runOnlyForDeploymentPostprocessing = 0;
		};
		44172BF22900129400688E9E /* Resources */ = {
			isa = PBXResourcesBuildPhase;
			buildActionMask = 2147483647;
			files = (
			);
			runOnlyForDeploymentPostprocessing = 0;
		};
/* End PBXResourcesBuildPhase section */

/* Begin PBXSourcesBuildPhase section */
		44172BD02900129300688E9E /* Sources */ = {
			isa = PBXSourcesBuildPhase;
			buildActionMask = 2147483647;
			files = (
				4499D86B29004842002B1DA2 /* SearchViewController.swift in Sources */,
				4499D88529004998002B1DA2 /* Playlist.swift in Sources */,
				4499D87F29004949002B1DA2 /* AuthManager.swift in Sources */,
				4499D87D2900491B002B1DA2 /* SearchResultsViewController.swift in Sources */,
				4499D873290048B6002B1DA2 /* WelcomeViewController.swift in Sources */,
				4499D877290048D4002B1DA2 /* ProfileViewController.swift in Sources */,
				4499D8692900480C002B1DA2 /* TabBarViewController.swift in Sources */,
				4499D8832900496F002B1DA2 /* HapticsManager.swift in Sources */,
				4499D887290049B0002B1DA2 /* AudioTrack.swift in Sources */,
				44172BDC2900129300688E9E /* HomeViewController.swift in Sources */,
				4499D871290048A7002B1DA2 /* AuthViewController.swift in Sources */,
				44172BD82900129300688E9E /* AppDelegate.swift in Sources */,
				4499D88B290049D0002B1DA2 /* UserProfile.swift in Sources */,
				4499D86D2900485D002B1DA2 /* LibraryViewController.swift in Sources */,
				4499D889290049C4002B1DA2 /* Artist.swift in Sources */,
				4499D87B290048F4002B1DA2 /* PlaylistViewController.swift in Sources */,
				44172BDA2900129300688E9E /* SceneDelegate.swift in Sources */,
				4499D879290048E2002B1DA2 /* PlayerViewController.swift in Sources */,
				4499D8812900495D002B1DA2 /* APICaller.swift in Sources */,
				4499D875290048C8002B1DA2 /* SettingsViewController.swift in Sources */,
			);
			runOnlyForDeploymentPostprocessing = 0;
		};
		44172BE62900129400688E9E /* Sources */ = {
			isa = PBXSourcesBuildPhase;
			buildActionMask = 2147483647;
			files = (
				44172BEF2900129400688E9E /* SpotifyTests.swift in Sources */,
			);
			runOnlyForDeploymentPostprocessing = 0;
		};
		44172BF02900129400688E9E /* Sources */ = {
			isa = PBXSourcesBuildPhase;
			buildActionMask = 2147483647;
			files = (
				44172BF92900129400688E9E /* SpotifyUITests.swift in Sources */,
				44172BFB2900129400688E9E /* SpotifyUITestsLaunchTests.swift in Sources */,
			);
			runOnlyForDeploymentPostprocessing = 0;
		};
/* End PBXSourcesBuildPhase section */

/* Begin PBXTargetDependency section */
		44172BEC2900129400688E9E /* PBXTargetDependency */ = {
			isa = PBXTargetDependency;
			target = 44172BD32900129300688E9E /* Spotify */;
			targetProxy = 44172BEB2900129400688E9E /* PBXContainerItemProxy */;
		};
		44172BF62900129400688E9E /* PBXTargetDependency */ = {
			isa = PBXTargetDependency;
			target = 44172BD32900129300688E9E /* Spotify */;
			targetProxy = 44172BF52900129400688E9E /* PBXContainerItemProxy */;
		};
/* End PBXTargetDependency section */

/* Begin PBXVariantGroup section */
		44172BE22900129400688E9E /* LaunchScreen.storyboard */ = {
			isa = PBXVariantGroup;
			children = (
				44172BE32900129400688E9E /* Base */,
			);
			name = LaunchScreen.storyboard;
			sourceTree = "<group>";
		};
/* End PBXVariantGroup section */

/* Begin XCBuildConfiguration section */
		44172BFC2900129400688E9E /* Debug */ = {
			isa = XCBuildConfiguration;
			buildSettings = {
				ALWAYS_SEARCH_USER_PATHS = NO;
				CLANG_ANALYZER_NONNULL = YES;
				CLANG_ANALYZER_NUMBER_OBJECT_CONVERSION = YES_AGGRESSIVE;
				CLANG_CXX_LANGUAGE_STANDARD = "gnu++20";
				CLANG_ENABLE_MODULES = YES;
				CLANG_ENABLE_OBJC_ARC = YES;
				CLANG_ENABLE_OBJC_WEAK = YES;
				CLANG_WARN_BLOCK_CAPTURE_AUTORELEASING = YES;
				CLANG_WARN_BOOL_CONVERSION = YES;
				CLANG_WARN_COMMA = YES;
				CLANG_WARN_CONSTANT_CONVERSION = YES;
				CLANG_WARN_DEPRECATED_OBJC_IMPLEMENTATIONS = YES;
				CLANG_WARN_DIRECT_OBJC_ISA_USAGE = YES_ERROR;
				CLANG_WARN_DOCUMENTATION_COMMENTS = YES;
				CLANG_WARN_EMPTY_BODY = YES;
				CLANG_WARN_ENUM_CONVERSION = YES;
				CLANG_WARN_INFINITE_RECURSION = YES;
				CLANG_WARN_INT_CONVERSION = YES;
				CLANG_WARN_NON_LITERAL_NULL_CONVERSION = YES;
				CLANG_WARN_OBJC_IMPLICIT_RETAIN_SELF = YES;
				CLANG_WARN_OBJC_LITERAL_CONVERSION = YES;
				CLANG_WARN_OBJC_ROOT_CLASS = YES_ERROR;
				CLANG_WARN_QUOTED_INCLUDE_IN_FRAMEWORK_HEADER = YES;
				CLANG_WARN_RANGE_LOOP_ANALYSIS = YES;
				CLANG_WARN_STRICT_PROTOTYPES = YES;
				CLANG_WARN_SUSPICIOUS_MOVE = YES;
				CLANG_WARN_UNGUARDED_AVAILABILITY = YES_AGGRESSIVE;
				CLANG_WARN_UNREACHABLE_CODE = YES;
				CLANG_WARN__DUPLICATE_METHOD_MATCH = YES;
				COPY_PHASE_STRIP = NO;
				DEBUG_INFORMATION_FORMAT = dwarf;
				ENABLE_STRICT_OBJC_MSGSEND = YES;
				ENABLE_TESTABILITY = YES;
				GCC_C_LANGUAGE_STANDARD = gnu11;
				GCC_DYNAMIC_NO_PIC = NO;
				GCC_NO_COMMON_BLOCKS = YES;
				GCC_OPTIMIZATION_LEVEL = 0;
				GCC_PREPROCESSOR_DEFINITIONS = (
					"DEBUG=1",
					"$(inherited)",
				);
				GCC_WARN_64_TO_32_BIT_CONVERSION = YES;
				GCC_WARN_ABOUT_RETURN_TYPE = YES_ERROR;
				GCC_WARN_UNDECLARED_SELECTOR = YES;
				GCC_WARN_UNINITIALIZED_AUTOS = YES_AGGRESSIVE;
				GCC_WARN_UNUSED_FUNCTION = YES;
				GCC_WARN_UNUSED_VARIABLE = YES;
				IPHONEOS_DEPLOYMENT_TARGET = 16.0;
				MTL_ENABLE_DEBUG_INFO = INCLUDE_SOURCE;
				MTL_FAST_MATH = YES;
				ONLY_ACTIVE_ARCH = YES;
				SDKROOT = iphoneos;
				SWIFT_ACTIVE_COMPILATION_CONDITIONS = DEBUG;
				SWIFT_OPTIMIZATION_LEVEL = "-Onone";
			};
			name = Debug;
		};
		44172BFD2900129400688E9E /* Release */ = {
			isa = XCBuildConfiguration;
			buildSettings = {
				ALWAYS_SEARCH_USER_PATHS = NO;
				CLANG_ANALYZER_NONNULL = YES;
				CLANG_ANALYZER_NUMBER_OBJECT_CONVERSION = YES_AGGRESSIVE;
				CLANG_CXX_LANGUAGE_STANDARD = "gnu++20";
				CLANG_ENABLE_MODULES = YES;
				CLANG_ENABLE_OBJC_ARC = YES;
				CLANG_ENABLE_OBJC_WEAK = YES;
				CLANG_WARN_BLOCK_CAPTURE_AUTORELEASING = YES;
				CLANG_WARN_BOOL_CONVERSION = YES;
				CLANG_WARN_COMMA = YES;
				CLANG_WARN_CONSTANT_CONVERSION = YES;
				CLANG_WARN_DEPRECATED_OBJC_IMPLEMENTATIONS = YES;
				CLANG_WARN_DIRECT_OBJC_ISA_USAGE = YES_ERROR;
				CLANG_WARN_DOCUMENTATION_COMMENTS = YES;
				CLANG_WARN_EMPTY_BODY = YES;
				CLANG_WARN_ENUM_CONVERSION = YES;
				CLANG_WARN_INFINITE_RECURSION = YES;
				CLANG_WARN_INT_CONVERSION = YES;
				CLANG_WARN_NON_LITERAL_NULL_CONVERSION = YES;
				CLANG_WARN_OBJC_IMPLICIT_RETAIN_SELF = YES;
				CLANG_WARN_OBJC_LITERAL_CONVERSION = YES;
				CLANG_WARN_OBJC_ROOT_CLASS = YES_ERROR;
				CLANG_WARN_QUOTED_INCLUDE_IN_FRAMEWORK_HEADER = YES;
				CLANG_WARN_RANGE_LOOP_ANALYSIS = YES;
				CLANG_WARN_STRICT_PROTOTYPES = YES;
				CLANG_WARN_SUSPICIOUS_MOVE = YES;
				CLANG_WARN_UNGUARDED_AVAILABILITY = YES_AGGRESSIVE;
				CLANG_WARN_UNREACHABLE_CODE = YES;
				CLANG_WARN__DUPLICATE_METHOD_MATCH = YES;
				COPY_PHASE_STRIP = NO;
				DEBUG_INFORMATION_FORMAT = "dwarf-with-dsym";
				ENABLE_NS_ASSERTIONS = NO;
				ENABLE_STRICT_OBJC_MSGSEND = YES;
				GCC_C_LANGUAGE_STANDARD = gnu11;
				GCC_NO_COMMON_BLOCKS = YES;
				GCC_WARN_64_TO_32_BIT_CONVERSION = YES;
				GCC_WARN_ABOUT_RETURN_TYPE = YES_ERROR;
				GCC_WARN_UNDECLARED_SELECTOR = YES;
				GCC_WARN_UNINITIALIZED_AUTOS = YES_AGGRESSIVE;
				GCC_WARN_UNUSED_FUNCTION = YES;
				GCC_WARN_UNUSED_VARIABLE = YES;
				IPHONEOS_DEPLOYMENT_TARGET = 16.0;
				MTL_ENABLE_DEBUG_INFO = NO;
				MTL_FAST_MATH = YES;
				SDKROOT = iphoneos;
				SWIFT_COMPILATION_MODE = wholemodule;
				SWIFT_OPTIMIZATION_LEVEL = "-O";
				VALIDATE_PRODUCT = YES;
			};
			name = Release;
		};
		44172BFF2900129400688E9E /* Debug */ = {
			isa = XCBuildConfiguration;
			buildSettings = {
				ASSETCATALOG_COMPILER_APPICON_NAME = AppIcon;
				ASSETCATALOG_COMPILER_GLOBAL_ACCENT_COLOR_NAME = AccentColor;
				CODE_SIGN_STYLE = Automatic;
				CURRENT_PROJECT_VERSION = 1;
				DEVELOPMENT_TEAM = PMCYC556BL;
				GENERATE_INFOPLIST_FILE = YES;
				INFOPLIST_FILE = Spotify/Info.plist;
				INFOPLIST_KEY_UIApplicationSupportsIndirectInputEvents = YES;
				INFOPLIST_KEY_UILaunchStoryboardName = LaunchScreen;
				INFOPLIST_KEY_UIMainStoryboardFile = "";
				INFOPLIST_KEY_UISupportedInterfaceOrientations_iPad = "UIInterfaceOrientationPortrait UIInterfaceOrientationPortraitUpsideDown UIInterfaceOrientationLandscapeLeft UIInterfaceOrientationLandscapeRight";
				INFOPLIST_KEY_UISupportedInterfaceOrientations_iPhone = "UIInterfaceOrientationPortrait UIInterfaceOrientationLandscapeLeft UIInterfaceOrientationLandscapeRight";
				LD_RUNPATH_SEARCH_PATHS = (
					"$(inherited)",
					"@executable_path/Frameworks",
				);
				MARKETING_VERSION = 1.0;
				PRODUCT_BUNDLE_IDENTIFIER = com.cloneprojects.Spotify;
				PRODUCT_NAME = "$(TARGET_NAME)";
				SWIFT_EMIT_LOC_STRINGS = YES;
				SWIFT_VERSION = 5.0;
				TARGETED_DEVICE_FAMILY = "1,2";
			};
			name = Debug;
		};
		44172C002900129400688E9E /* Release */ = {
			isa = XCBuildConfiguration;
			buildSettings = {
				ASSETCATALOG_COMPILER_APPICON_NAME = AppIcon;
				ASSETCATALOG_COMPILER_GLOBAL_ACCENT_COLOR_NAME = AccentColor;
				CODE_SIGN_STYLE = Automatic;
				CURRENT_PROJECT_VERSION = 1;
				DEVELOPMENT_TEAM = PMCYC556BL;
				GENERATE_INFOPLIST_FILE = YES;
				INFOPLIST_FILE = Spotify/Info.plist;
				INFOPLIST_KEY_UIApplicationSupportsIndirectInputEvents = YES;
				INFOPLIST_KEY_UILaunchStoryboardName = LaunchScreen;
				INFOPLIST_KEY_UISupportedInterfaceOrientations_iPad = "UIInterfaceOrientationPortrait UIInterfaceOrientationPortraitUpsideDown UIInterfaceOrientationLandscapeLeft UIInterfaceOrientationLandscapeRight";
				INFOPLIST_KEY_UISupportedInterfaceOrientations_iPhone = "UIInterfaceOrientationPortrait UIInterfaceOrientationLandscapeLeft UIInterfaceOrientationLandscapeRight";
				LD_RUNPATH_SEARCH_PATHS = (
					"$(inherited)",
					"@executable_path/Frameworks",
				);
				MARKETING_VERSION = 1.0;
				PRODUCT_BUNDLE_IDENTIFIER = com.cloneprojects.Spotify;
				PRODUCT_NAME = "$(TARGET_NAME)";
				SWIFT_EMIT_LOC_STRINGS = YES;
				SWIFT_VERSION = 5.0;
				TARGETED_DEVICE_FAMILY = "1,2";
			};
			name = Release;
		};
		44172C022900129400688E9E /* Debug */ = {
			isa = XCBuildConfiguration;
			buildSettings = {
				ALWAYS_EMBED_SWIFT_STANDARD_LIBRARIES = YES;
				BUNDLE_LOADER = "$(TEST_HOST)";
				CODE_SIGN_STYLE = Automatic;
				CURRENT_PROJECT_VERSION = 1;
				DEVELOPMENT_TEAM = PMCYC556BL;
				GENERATE_INFOPLIST_FILE = YES;
				IPHONEOS_DEPLOYMENT_TARGET = 16.0;
				MARKETING_VERSION = 1.0;
				PRODUCT_BUNDLE_IDENTIFIER = com.cloneprojects.SpotifyTests;
				PRODUCT_NAME = "$(TARGET_NAME)";
				SWIFT_EMIT_LOC_STRINGS = NO;
				SWIFT_VERSION = 5.0;
				TARGETED_DEVICE_FAMILY = "1,2";
				TEST_HOST = "$(BUILT_PRODUCTS_DIR)/Spotify.app/$(BUNDLE_EXECUTABLE_FOLDER_PATH)/Spotify";
			};
			name = Debug;
		};
		44172C032900129400688E9E /* Release */ = {
			isa = XCBuildConfiguration;
			buildSettings = {
				ALWAYS_EMBED_SWIFT_STANDARD_LIBRARIES = YES;
				BUNDLE_LOADER = "$(TEST_HOST)";
				CODE_SIGN_STYLE = Automatic;
				CURRENT_PROJECT_VERSION = 1;
				DEVELOPMENT_TEAM = PMCYC556BL;
				GENERATE_INFOPLIST_FILE = YES;
				IPHONEOS_DEPLOYMENT_TARGET = 16.0;
				MARKETING_VERSION = 1.0;
				PRODUCT_BUNDLE_IDENTIFIER = com.cloneprojects.SpotifyTests;
				PRODUCT_NAME = "$(TARGET_NAME)";
				SWIFT_EMIT_LOC_STRINGS = NO;
				SWIFT_VERSION = 5.0;
				TARGETED_DEVICE_FAMILY = "1,2";
				TEST_HOST = "$(BUILT_PRODUCTS_DIR)/Spotify.app/$(BUNDLE_EXECUTABLE_FOLDER_PATH)/Spotify";
			};
			name = Release;
		};
		44172C052900129400688E9E /* Debug */ = {
			isa = XCBuildConfiguration;
			buildSettings = {
				ALWAYS_EMBED_SWIFT_STANDARD_LIBRARIES = YES;
				CODE_SIGN_STYLE = Automatic;
				CURRENT_PROJECT_VERSION = 1;
				DEVELOPMENT_TEAM = PMCYC556BL;
				GENERATE_INFOPLIST_FILE = YES;
				MARKETING_VERSION = 1.0;
				PRODUCT_BUNDLE_IDENTIFIER = com.cloneprojects.SpotifyUITests;
				PRODUCT_NAME = "$(TARGET_NAME)";
				SWIFT_EMIT_LOC_STRINGS = NO;
				SWIFT_VERSION = 5.0;
				TARGETED_DEVICE_FAMILY = "1,2";
				TEST_TARGET_NAME = Spotify;
			};
			name = Debug;
		};
		44172C062900129400688E9E /* Release */ = {
			isa = XCBuildConfiguration;
			buildSettings = {
				ALWAYS_EMBED_SWIFT_STANDARD_LIBRARIES = YES;
				CODE_SIGN_STYLE = Automatic;
				CURRENT_PROJECT_VERSION = 1;
				DEVELOPMENT_TEAM = PMCYC556BL;
				GENERATE_INFOPLIST_FILE = YES;
				MARKETING_VERSION = 1.0;
				PRODUCT_BUNDLE_IDENTIFIER = com.cloneprojects.SpotifyUITests;
				PRODUCT_NAME = "$(TARGET_NAME)";
				SWIFT_EMIT_LOC_STRINGS = NO;
				SWIFT_VERSION = 5.0;
				TARGETED_DEVICE_FAMILY = "1,2";
				TEST_TARGET_NAME = Spotify;
			};
			name = Release;
		};
/* End XCBuildConfiguration section */

/* Begin XCConfigurationList section */
		44172BCF2900129200688E9E /* Build configuration list for PBXProject "Spotify" */ = {
			isa = XCConfigurationList;
			buildConfigurations = (
				44172BFC2900129400688E9E /* Debug */,
				44172BFD2900129400688E9E /* Release */,
			);
			defaultConfigurationIsVisible = 0;
			defaultConfigurationName = Release;
		};
		44172BFE2900129400688E9E /* Build configuration list for PBXNativeTarget "Spotify" */ = {
			isa = XCConfigurationList;
			buildConfigurations = (
				44172BFF2900129400688E9E /* Debug */,
				44172C002900129400688E9E /* Release */,
			);
			defaultConfigurationIsVisible = 0;
			defaultConfigurationName = Release;
		};
		44172C012900129400688E9E /* Build configuration list for PBXNativeTarget "SpotifyTests" */ = {
			isa = XCConfigurationList;
			buildConfigurations = (
				44172C022900129400688E9E /* Debug */,
				44172C032900129400688E9E /* Release */,
			);
			defaultConfigurationIsVisible = 0;
			defaultConfigurationName = Release;
		};
		44172C042900129400688E9E /* Build configuration list for PBXNativeTarget "SpotifyUITests" */ = {
			isa = XCConfigurationList;
			buildConfigurations = (
				44172C052900129400688E9E /* Debug */,
				44172C062900129400688E9E /* Release */,
			);
			defaultConfigurationIsVisible = 0;
			defaultConfigurationName = Release;
		};
/* End XCConfigurationList section */
	};
	rootObject = 44172BCC2900129200688E9E /* Project object */;
}
